
Microsoft Visual Studio Solution File, Format Version 12.00
# Visual Studio Version 17
VisualStudioVersion = 17.0.31912.275
MinimumVisualStudioVersion = 10.0.40219.1
Project("{FAE04EC0-301F-11D3-BF4B-00C04F79EFBC}") = "StageAanvragen", "StageAanvragen.csproj", "{0AECEF9B-4975-4940-A510-FAAC304A5F4B}"
EndProject
Project("{FAE04EC0-301F-11D3-BF4B-00C04F79EFBC}") = "StageAanvragen.Models", "..\StageAanvragen.Models\StageAanvragen.Models.csproj", "{126AFC95-D976-46D8-9622-838A17A7A443}"
EndProject
Project("{FAE04EC0-301F-11D3-BF4B-00C04F79EFBC}") = "StageAanvragen.Services", "..\StageAanvragen.Services\StageAanvragen.Services.csproj", "{8A21AFF3-7EED-4092-80F4-93561556868B}"
EndProject
Project("{FAE04EC0-301F-11D3-BF4B-00C04F79EFBC}") = "StageAanvragen.Repositories", "..\StageAanvragen.Repositories\StageAanvragen.Repositories.csproj", "{E83BBEE4-609E-40C7-933E-5FA30048CAA3}"
EndProject
Global
	GlobalSection(SolutionConfigurationPlatforms) = preSolution
		Debug|Any CPU = Debug|Any CPU
		Release|Any CPU = Release|Any CPU
	EndGlobalSection
	GlobalSection(ProjectConfigurationPlatforms) = postSolution
		{0AECEF9B-4975-4940-A510-FAAC304A5F4B}.Debug|Any CPU.ActiveCfg = Debug|Any CPU
		{0AECEF9B-4975-4940-A510-FAAC304A5F4B}.Debug|Any CPU.Build.0 = Debug|Any CPU
		{0AECEF9B-4975-4940-A510-FAAC304A5F4B}.Release|Any CPU.ActiveCfg = Release|Any CPU
		{0AECEF9B-4975-4940-A510-FAAC304A5F4B}.Release|Any CPU.Build.0 = Release|Any CPU
		{126AFC95-D976-46D8-9622-838A17A7A443}.Debug|Any CPU.ActiveCfg = Debug|Any CPU
		{126AFC95-D976-46D8-9622-838A17A7A443}.Debug|Any CPU.Build.0 = Debug|Any CPU
		{126AFC95-D976-46D8-9622-838A17A7A443}.Release|Any CPU.ActiveCfg = Release|Any CPU
		{126AFC95-D976-46D8-9622-838A17A7A443}.Release|Any CPU.Build.0 = Release|Any CPU
		{8A21AFF3-7EED-4092-80F4-93561556868B}.Debug|Any CPU.ActiveCfg = Debug|Any CPU
		{8A21AFF3-7EED-4092-80F4-93561556868B}.Debug|Any CPU.Build.0 = Debug|Any CPU
		{8A21AFF3-7EED-4092-80F4-93561556868B}.Release|Any CPU.ActiveCfg = Release|Any CPU
		{8A21AFF3-7EED-4092-80F4-93561556868B}.Release|Any CPU.Build.0 = Release|Any CPU
		{E83BBEE4-609E-40C7-933E-5FA30048CAA3}.Debug|Any CPU.ActiveCfg = Debug|Any CPU
		{E83BBEE4-609E-40C7-933E-5FA30048CAA3}.Debug|Any CPU.Build.0 = Debug|Any CPU
		{E83BBEE4-609E-40C7-933E-5FA30048CAA3}.Release|Any CPU.ActiveCfg = Release|Any CPU
		{E83BBEE4-609E-40C7-933E-5FA30048CAA3}.Release|Any CPU.Build.0 = Release|Any CPU
	EndGlobalSection
	GlobalSection(SolutionProperties) = preSolution
		HideSolutionNode = FALSE
	EndGlobalSection
	GlobalSection(ExtensibilityGlobals) = postSolution
		SolutionGuid = {365971AD-EAEF-4542-B5C7-BE4E73E41A40}
	EndGlobalSection
EndGlobal
